<?xml version="1.0" encoding="utf-8"?>
<Project ToolsVersion="4.0" xmlns="http://schemas.microsoft.com/developer/msbuild/2003">
  <ItemGroup>
    <Filter Include="源文件">
      <UniqueIdentifier>{4FC737F1-C7A5-4376-A066-2A32D752A2FF}</UniqueIdentifier>
      <Extensions>cpp;c;cc;cxx;c++;def;odl;idl;hpj;bat;asm;asmx</Extensions>
    </Filter>
    <Filter Include="头文件">
      <UniqueIdentifier>{93995380-89BD-4b04-88EB-625FBE52EBFB}</UniqueIdentifier>
      <Extensions>h;hh;hpp;hxx;h++;hm;inl;inc;ipp;xsd</Extensions>
    </Filter>
    <Filter Include="着色器">
      <UniqueIdentifier>{50b7f63c-60d2-4937-9a4f-b09785e88d13}</UniqueIdentifier>
    </Filter>
    <Filter Include="模块文件">
      <UniqueIdentifier>{43f0d550-03de-435d-9b4e-2c0858d94818}</UniqueIdentifier>
    </Filter>
    <Filter Include="模块文件\头文件">
      <UniqueIdentifier>{99a8102b-4725-49bf-933c-a8e37781c2b7}</UniqueIdentifier>
    </Filter>
    <Filter Include="模块文件\源文件">
      <UniqueIdentifier>{42435fe2-1d5c-4fdf-954b-5c8fa61b15bc}</UniqueIdentifier>
    </Filter>
    <Filter Include="通用文件">
      <UniqueIdentifier>{36bbc28d-f672-4bc8-8448-a69d087f24c3}</UniqueIdentifier>
    </Filter>
    <Filter Include="通用文件\头文件">
      <UniqueIdentifier>{fa6b14ff-7a25-4dc0-8abf-d7767fe82cbc}</UniqueIdentifier>
    </Filter>
    <Filter Include="通用文件\源文件">
      <UniqueIdentifier>{198929d6-ee3c-4de0-9cfd-208ad2abb544}</UniqueIdentifier>
    </Filter>
    <Filter Include="特效文件">
      <UniqueIdentifier>{1172e50d-ca40-41e4-9241-9faf71f78f0c}</UniqueIdentifier>
    </Filter>
    <Filter Include="ImGui">
      <UniqueIdentifier>{14d9c7c4-0df7-43ae-9255-7538c0307488}</UniqueIdentifier>
    </Filter>
    <Filter Include="ImGui\ImGuiInternal">
      <UniqueIdentifier>{f8063327-1931-4a39-a82a-ecd8c9c1bb7c}</UniqueIdentifier>
    </Filter>
    <Filter Include="ImGui\ImGuiInternal\头文件">
      <UniqueIdentifier>{82e03f40-136d-4d37-b4fe-311e8bf6bacd}</UniqueIdentifier>
    </Filter>
    <Filter Include="ImGui\ImGuiInternal\源文件">
      <UniqueIdentifier>{85182b0b-6419-445d-86b0-dbdc871dc735}</UniqueIdentifier>
    </Filter>
    <Filter Include="ImGui\头文件">
      <UniqueIdentifier>{f890a408-4755-4e9e-a902-d9fb30780eeb}</UniqueIdentifier>
    </Filter>
    <Filter Include="ImGui\源文件">
      <UniqueIdentifier>{75e7f959-edd6-4f6e-ac77-1372845f9be8}</UniqueIdentifier>
    </Filter>
    <Filter Include="废弃的">
      <UniqueIdentifier>{f82d66d1-c51a-4721-b77c-1a91067c9455}</UniqueIdentifier>
    </Filter>
    <Filter Include="玩家">
      <UniqueIdentifier>{e6796f91-323d-420d-84f5-a0518fbed02f}</UniqueIdentifier>
    </Filter>
    <Filter Include="特效文件\Effect">
      <UniqueIdentifier>{92d6eae5-f597-4efd-bd41-ca50f07cf088}</UniqueIdentifier>
    </Filter>
    <Filter Include="特效文件\Render">
      <UniqueIdentifier>{a53cd617-fddc-42ef-8de0-1bd201aa2008}</UniqueIdentifier>
    </Filter>
    <Filter Include="特效文件\Effect\头文件">
      <UniqueIdentifier>{3837ae99-45f1-458a-a406-413904e11877}</UniqueIdentifier>
    </Filter>
    <Filter Include="特效文件\Effect\源文件">
      <UniqueIdentifier>{d0d0d61a-1b11-4021-ba95-021c31fc5d29}</UniqueIdentifier>
    </Filter>
    <Filter Include="特效文件\Render\头文件">
      <UniqueIdentifier>{37000f25-6e92-4720-939b-cb429ff0f527}</UniqueIdentifier>
    </Filter>
    <Filter Include="特效文件\Render\源文件">
      <UniqueIdentifier>{7223f6d5-fd99-4855-a361-336d37509533}</UniqueIdentifier>
    </Filter>
  </ItemGroup>
  <ItemGroup>
    <ClInclude Include="Src\d3dApp.h">
      <Filter>头文件</Filter>
    </ClInclude>
    <ClInclude Include="Src\GameApp.h">
      <Filter>头文件</Filter>
    </ClInclude>
    <ClInclude Include="Src\Vertex.h">
      <Filter>模块文件\头文件</Filter>
    </ClInclude>
    <ClInclude Include="Src\DDSTextureLoader.h">
      <Filter>通用文件\头文件</Filter>
    </ClInclude>
    <ClInclude Include="Src\Mouse.h">
      <Filter>通用文件\头文件</Filter>
    </ClInclude>
    <ClInclude Include="Src\Keyboard.h">
      <Filter>通用文件\头文件</Filter>
    </ClInclude>
    <ClInclude Include="Src\WICTextureLoader.h">
      <Filter>通用文件\头文件</Filter>
    </ClInclude>
    <ClInclude Include="Src\ImGui\imgui.h">
      <Filter>ImGui\ImGuiInternal\头文件</Filter>
    </ClInclude>
    <ClInclude Include="Src\ImGui\imconfig.h">
      <Filter>ImGui\ImGuiInternal\头文件</Filter>
    </ClInclude>
    <ClInclude Include="Src\ImGui\imstb_textedit.h">
      <Filter>ImGui\ImGuiInternal\头文件</Filter>
    </ClInclude>
    <ClInclude Include="Src\ImGui\imgui_internal.h">
      <Filter>ImGui\ImGuiInternal\头文件</Filter>
    </ClInclude>
    <ClInclude Include="Src\ImGui\imstb_rectpack.h">
      <Filter>ImGui\ImGuiInternal\头文件</Filter>
    </ClInclude>
    <ClInclude Include="Src\ImGui\imstb_truetype.h">
      <Filter>ImGui\ImGuiInternal\头文件</Filter>
    </ClInclude>
    <ClInclude Include="Src\Geometry.h">
      <Filter>模块文件\头文件</Filter>
    </ClInclude>
    <ClInclude Include="Src\LightHelper.h">
      <Filter>模块文件\头文件</Filter>
    </ClInclude>
    <ClInclude Include="Src\Camera.h">
      <Filter>模块文件\头文件</Filter>
    </ClInclude>
    <ClInclude Include="Src\ImguiPanel.h">
      <Filter>ImGui\头文件</Filter>
    </ClInclude>
    <ClInclude Include="Src\Model.h">
      <Filter>模块文件\头文件</Filter>
    </ClInclude>
    <ClInclude Include="Src\ObjReader.h">
      <Filter>模块文件\头文件</Filter>
    </ClInclude>
    <ClInclude Include="Src\GameObject.h">
      <Filter>模块文件\头文件</Filter>
    </ClInclude>
    <ClInclude Include="Src\BasicTransform.h">
      <Filter>模块文件\头文件</Filter>
    </ClInclude>
    <ClInclude Include="Src\Collision.h">
      <Filter>模块文件\头文件</Filter>
    </ClInclude>
    <ClInclude Include="Src\RelatedTransform.h">
      <Filter>废弃的</Filter>
    </ClInclude>
    <ClInclude Include="Src\ScreenFadeEffect.h">
      <Filter>废弃的</Filter>
    </ClInclude>
    <ClInclude Include="Src\MinimapEffect.h">
      <Filter>废弃的</Filter>
    </ClInclude>
    <ClInclude Include="Src\ScreenGrab.h">
      <Filter>模块文件\头文件</Filter>
    </ClInclude>
    <ClInclude Include="Src\Tank.h">
      <Filter>废弃的</Filter>
    </ClInclude>
    <ClInclude Include="Src\Player.h">
      <Filter>玩家</Filter>
    </ClInclude>
    <ClInclude Include="Src\TankStructureHelper.h">
      <Filter>玩家</Filter>
    </ClInclude>
    <ClInclude Include="Src\NormalTank.h">
      <Filter>玩家</Filter>
    </ClInclude>
    <ClInclude Include="Src\BasicEffect.h">
      <Filter>特效文件\Effect\头文件</Filter>
    </ClInclude>
    <ClInclude Include="Src\DebugEffect.h">
      <Filter>特效文件\Effect\头文件</Filter>
    </ClInclude>
    <ClInclude Include="Src\Effect.h">
      <Filter>特效文件\Effect\头文件</Filter>
    </ClInclude>
    <ClInclude Include="Src\EffectHelper.h">
      <Filter>特效文件\Effect\头文件</Filter>
    </ClInclude>
    <ClInclude Include="Src\ShadowEffect.h">
      <Filter>特效文件\Effect\头文件</Filter>
    </ClInclude>
    <ClInclude Include="Src\Render.h">
      <Filter>特效文件\Render\头文件</Filter>
    </ClInclude>
    <ClInclude Include="Src\RenderStates.h">
      <Filter>特效文件\Render\头文件</Filter>
    </ClInclude>
    <ClInclude Include="Src\SkyRender.h">
      <Filter>特效文件\Render\源文件</Filter>
    </ClInclude>
    <ClInclude Include="Src\SkyEffect.h">
      <Filter>特效文件\Effect\头文件</Filter>
    </ClInclude>
    <ClInclude Include="Src\TextureRender.h">
      <Filter>特效文件\Render\头文件</Filter>
    </ClInclude>
    <ClInclude Include="Src\ImGui\imgui_impl_dx11.h">
      <Filter>ImGui\头文件</Filter>
    </ClInclude>
    <ClInclude Include="Src\GameTimer.h">
      <Filter>通用文件\头文件</Filter>
    </ClInclude>
    <ClInclude Include="Src\d3dUtil.h">
      <Filter>通用文件\头文件</Filter>
    </ClInclude>
    <ClInclude Include="Src\DXTrace.h">
      <Filter>通用文件\头文件</Filter>
    </ClInclude>
  </ItemGroup>
  <ItemGroup>
    <ClCompile Include="Src\Main.cpp">
      <Filter>源文件</Filter>
    </ClCompile>
    <ClCompile Include="Src\GameApp.cpp">
      <Filter>源文件</Filter>
    </ClCompile>
    <ClCompile Include="Src\d3dApp.cpp">
      <Filter>源文件</Filter>
    </ClCompile>
    <ClCompile Include="Src\Vertex.cpp">
      <Filter>模块文件\源文件</Filter>
    </ClCompile>
    <ClCompile Include="Src\DDSTextureLoader.cpp">
      <Filter>通用文件\源文件</Filter>
    </ClCompile>
    <ClCompile Include="Src\Keyboard.cpp">
      <Filter>通用文件\源文件</Filter>
    </ClCompile>
    <ClCompile Include="Src\Mouse.cpp">
      <Filter>通用文件\源文件</Filter>
    </ClCompile>
    <ClCompile Include="Src\WICTextureLoader.cpp">
      <Filter>通用文件\源文件</Filter>
    </ClCompile>
    <ClCompile Include="Src\ImGui\imgui.cpp">
      <Filter>ImGui\ImGuiInternal\源文件</Filter>
    </ClCompile>
    <ClCompile Include="Src\ImGui\imgui_draw.cpp">
      <Filter>ImGui\ImGuiInternal\源文件</Filter>
    </ClCompile>
    <ClCompile Include="Src\ImGui\imgui_widgets.cpp">
      <Filter>ImGui\ImGuiInternal\源文件</Filter>
    </ClCompile>
    <ClCompile Include="Src\Camera.cpp">
      <Filter>模块文件\源文件</Filter>
    </ClCompile>
    <ClCompile Include="Src\ImguiPanel.cpp">
      <Filter>ImGui\源文件</Filter>
    </ClCompile>
    <ClCompile Include="Src\ObjReader.cpp">
      <Filter>模块文件\源文件</Filter>
    </ClCompile>
    <ClCompile Include="Src\Model.cpp">
      <Filter>模块文件\源文件</Filter>
    </ClCompile>
    <ClCompile Include="Src\GameObject.cpp">
      <Filter>模块文件\源文件</Filter>
    </ClCompile>
    <ClCompile Include="Src\BasicTransform.cpp">
      <Filter>模块文件\源文件</Filter>
    </ClCompile>
    <ClCompile Include="Src\Collision.cpp">
      <Filter>模块文件\源文件</Filter>
    </ClCompile>
    <ClCompile Include="Src\RelatedTransform.cpp">
      <Filter>废弃的</Filter>
    </ClCompile>
    <ClCompile Include="Src\ScreenFadeEffect.cpp">
      <Filter>废弃的</Filter>
    </ClCompile>
    <ClCompile Include="Src\MinimapEffect.cpp">
      <Filter>废弃的</Filter>
    </ClCompile>
    <ClCompile Include="Src\ScreenGrab.cpp">
      <Filter>模块文件\源文件</Filter>
    </ClCompile>
    <ClCompile Include="Src\Tank.cpp">
      <Filter>废弃的</Filter>
    </ClCompile>
    <ClCompile Include="Src\Player.cpp">
      <Filter>玩家</Filter>
    </ClCompile>
    <ClCompile Include="Src\NormalTank.cpp">
      <Filter>玩家</Filter>
    </ClCompile>
    <ClCompile Include="Src\BasicEffect.cpp">
      <Filter>特效文件\Effect\源文件</Filter>
    </ClCompile>
    <ClCompile Include="Src\DebugEffect.cpp">
      <Filter>特效文件\Effect\源文件</Filter>
    </ClCompile>
    <ClCompile Include="Src\EffectHelper.cpp">
      <Filter>特效文件\Effect\源文件</Filter>
    </ClCompile>
    <ClCompile Include="Src\ShadowEffect.cpp">
      <Filter>特效文件\Effect\源文件</Filter>
    </ClCompile>
    <ClCompile Include="Src\SkyEffect.cpp">
      <Filter>特效文件\Effect\源文件</Filter>
    </ClCompile>
    <ClCompile Include="Src\RenderStates.cpp">
      <Filter>特效文件\Render\源文件</Filter>
    </ClCompile>
    <ClCompile Include="Src\SkyRender.cpp">
      <Filter>特效文件\Render\源文件</Filter>
    </ClCompile>
    <ClCompile Include="Src\TextureRender.cpp">
      <Filter>特效文件\Render\源文件</Filter>
    </ClCompile>
    <ClCompile Include="Src\ImGui\imgui_impl_dx11.cpp">
      <Filter>ImGui\源文件</Filter>
    </ClCompile>
    <ClCompile Include="Src\GameTimer.cpp">
      <Filter>通用文件\源文件</Filter>
    </ClCompile>
    <ClCompile Include="Src\d3dUtil.cpp">
      <Filter>通用文件\源文件</Filter>
    </ClCompile>
    <ClCompile Include="Src\DXTrace.cpp">
      <Filter>通用文件\源文件</Filter>
    </ClCompile>
  </ItemGroup>
  <ItemGroup>
    <FxCompile Include="HLSL\Basic_PS.hlsl">
      <Filter>着色器</Filter>
    </FxCompile>
    <FxCompile Include="HLSL\BasicInstance_VS.hlsl">
      <Filter>着色器</Filter>
    </FxCompile>
    <FxCompile Include="HLSL\BasicObject_VS.hlsl">
      <Filter>着色器</Filter>
    </FxCompile>
    <FxCompile Include="HLSL\Sky_PS.hlsl">
      <Filter>着色器</Filter>
    </FxCompile>
    <FxCompile Include="HLSL\Sky_VS.hlsl">
      <Filter>着色器</Filter>
    </FxCompile>
    <FxCompile Include="HLSL\NormalMap_PS.hlsl">
      <Filter>着色器</Filter>
    </FxCompile>
    <FxCompile Include="HLSL\NormalMapInstance_VS.hlsl">
      <Filter>着色器</Filter>
    </FxCompile>
    <FxCompile Include="HLSL\NormalMapObject_VS.hlsl">
      <Filter>着色器</Filter>
    </FxCompile>
    <FxCompile Include="HLSL\DebugTexture_VS.hlsl">
      <Filter>着色器</Filter>
    </FxCompile>
    <FxCompile Include="HLSL\DebugTextureOneComp_PS.hlsl">
      <Filter>着色器</Filter>
    </FxCompile>
    <FxCompile Include="HLSL\DebugTextureOneCompGray_PS.hlsl">
      <Filter>着色器</Filter>
    </FxCompile>
    <FxCompile Include="HLSL\DebugTextureRGBA_PS.hlsl">
      <Filter>着色器</Filter>
    </FxCompile>
    <FxCompile Include="HLSL\Shadow_PS.hlsl">
      <Filter>着色器</Filter>
    </FxCompile>
    <FxCompile Include="HLSL\ShadowInstance_VS.hlsl">
      <Filter>着色器</Filter>
    </FxCompile>
    <FxCompile Include="HLSL\ShadowObject_VS.hlsl">
      <Filter>着色器</Filter>
    </FxCompile>
  </ItemGroup>
  <ItemGroup>
    <None Include="HLSL\LightHelper.hlsli">
      <Filter>着色器</Filter>
    </None>
    <None Include="HLSL\Basic.hlsli">
      <Filter>着色器</Filter>
    </None>
    <None Include="HLSL\Sky.hlsli">
      <Filter>着色器</Filter>
    </None>
    <None Include="HLSL\DebugTexture.hlsli">
      <Filter>着色器</Filter>
    </None>
  </ItemGroup>
</Project>