<?xml version="1.0" encoding="utf-8"?>
<Project ToolsVersion="4.0" xmlns="http://schemas.microsoft.com/developer/msbuild/2003">
  <ItemGroup>
    <Filter Include="源文件">
      <UniqueIdentifier>{4FC737F1-C7A5-4376-A066-2A32D752A2FF}</UniqueIdentifier>
      <Extensions>cpp;c;cc;cxx;c++;def;odl;idl;hpj;bat;asm;asmx</Extensions>
    </Filter>
    <Filter Include="头文件">
      <UniqueIdentifier>{93995380-89BD-4b04-88EB-625FBE52EBFB}</UniqueIdentifier>
      <Extensions>h;hh;hpp;hxx;h++;hm;inl;inc;ipp;xsd</Extensions>
    </Filter>
    <Filter Include="着色器">
      <UniqueIdentifier>{50b7f63c-60d2-4937-9a4f-b09785e88d13}</UniqueIdentifier>
    </Filter>
    <Filter Include="模块文件">
      <UniqueIdentifier>{43f0d550-03de-435d-9b4e-2c0858d94818}</UniqueIdentifier>
    </Filter>
    <Filter Include="模块文件\头文件">
      <UniqueIdentifier>{99a8102b-4725-49bf-933c-a8e37781c2b7}</UniqueIdentifier>
    </Filter>
    <Filter Include="模块文件\源文件">
      <UniqueIdentifier>{42435fe2-1d5c-4fdf-954b-5c8fa61b15bc}</UniqueIdentifier>
    </Filter>
    <Filter Include="通用文件">
      <UniqueIdentifier>{36bbc28d-f672-4bc8-8448-a69d087f24c3}</UniqueIdentifier>
    </Filter>
    <Filter Include="通用文件\头文件">
      <UniqueIdentifier>{fa6b14ff-7a25-4dc0-8abf-d7767fe82cbc}</UniqueIdentifier>
    </Filter>
    <Filter Include="通用文件\源文件">
      <UniqueIdentifier>{198929d6-ee3c-4de0-9cfd-208ad2abb544}</UniqueIdentifier>
    </Filter>
    <Filter Include="ImGui">
      <UniqueIdentifier>{f8063327-1931-4a39-a82a-ecd8c9c1bb7c}</UniqueIdentifier>
    </Filter>
    <Filter Include="ImGui\头文件">
      <UniqueIdentifier>{82e03f40-136d-4d37-b4fe-311e8bf6bacd}</UniqueIdentifier>
    </Filter>
    <Filter Include="ImGui\源文件">
      <UniqueIdentifier>{85182b0b-6419-445d-86b0-dbdc871dc735}</UniqueIdentifier>
    </Filter>
  </ItemGroup>
  <ItemGroup>
    <ClInclude Include="d3dApp.h">
      <Filter>头文件</Filter>
    </ClInclude>
    <ClInclude Include="GameApp.h">
      <Filter>头文件</Filter>
    </ClInclude>
    <ClInclude Include="LightHelper.h">
      <Filter>头文件</Filter>
    </ClInclude>
    <ClInclude Include="d3dUtil.h">
      <Filter>模块文件\头文件</Filter>
    </ClInclude>
    <ClInclude Include="DXTrace.h">
      <Filter>模块文件\头文件</Filter>
    </ClInclude>
    <ClInclude Include="GameTimer.h">
      <Filter>模块文件\头文件</Filter>
    </ClInclude>
    <ClInclude Include="Vertex.h">
      <Filter>模块文件\头文件</Filter>
    </ClInclude>
    <ClInclude Include="DDSTextureLoader.h">
      <Filter>通用文件\头文件</Filter>
    </ClInclude>
    <ClInclude Include="Mouse.h">
      <Filter>通用文件\头文件</Filter>
    </ClInclude>
    <ClInclude Include="Keyboard.h">
      <Filter>通用文件\头文件</Filter>
    </ClInclude>
    <ClInclude Include="WICTextureLoader.h">
      <Filter>通用文件\头文件</Filter>
    </ClInclude>
    <ClInclude Include="Geometry.h">
      <Filter>头文件</Filter>
    </ClInclude>
    <ClInclude Include="Transform.h">
      <Filter>头文件</Filter>
    </ClInclude>
    <ClInclude Include="Camera.h">
      <Filter>头文件</Filter>
    </ClInclude>
    <ClInclude Include="ImGui\imgui.h">
      <Filter>ImGui\头文件</Filter>
    </ClInclude>
    <ClInclude Include="ImGui\imgui_impl_dx11.h">
      <Filter>ImGui\头文件</Filter>
    </ClInclude>
    <ClInclude Include="ImGui\imgui_impl_win32.h">
      <Filter>ImGui\头文件</Filter>
    </ClInclude>
    <ClInclude Include="ImGui\imconfig.h">
      <Filter>ImGui\头文件</Filter>
    </ClInclude>
    <ClInclude Include="ImGui\imstb_textedit.h">
      <Filter>ImGui\头文件</Filter>
    </ClInclude>
    <ClInclude Include="ImGui\imgui_internal.h">
      <Filter>ImGui\头文件</Filter>
    </ClInclude>
    <ClInclude Include="ImGui\imstb_rectpack.h">
      <Filter>ImGui\头文件</Filter>
    </ClInclude>
    <ClInclude Include="RenderStates.h">
      <Filter>头文件</Filter>
    </ClInclude>
  </ItemGroup>
  <ItemGroup>
    <ClCompile Include="Main.cpp">
      <Filter>源文件</Filter>
    </ClCompile>
    <ClCompile Include="GameApp.cpp">
      <Filter>源文件</Filter>
    </ClCompile>
    <ClCompile Include="d3dApp.cpp">
      <Filter>源文件</Filter>
    </ClCompile>
    <ClCompile Include="d3dUtil.cpp">
      <Filter>模块文件\源文件</Filter>
    </ClCompile>
    <ClCompile Include="DXTrace.cpp">
      <Filter>模块文件\源文件</Filter>
    </ClCompile>
    <ClCompile Include="GameTimer.cpp">
      <Filter>模块文件\源文件</Filter>
    </ClCompile>
    <ClCompile Include="Vertex.cpp">
      <Filter>模块文件\源文件</Filter>
    </ClCompile>
    <ClCompile Include="DDSTextureLoader.cpp">
      <Filter>通用文件\源文件</Filter>
    </ClCompile>
    <ClCompile Include="Keyboard.cpp">
      <Filter>通用文件\源文件</Filter>
    </ClCompile>
    <ClCompile Include="Mouse.cpp">
      <Filter>通用文件\源文件</Filter>
    </ClCompile>
    <ClCompile Include="WICTextureLoader.cpp">
      <Filter>通用文件\源文件</Filter>
    </ClCompile>
    <ClCompile Include="Transform.cpp">
      <Filter>源文件</Filter>
    </ClCompile>
    <ClCompile Include="Camera.cpp">
      <Filter>源文件</Filter>
    </ClCompile>
    <ClCompile Include="ImGui\imgui_impl_dx11.cpp">
      <Filter>ImGui\源文件</Filter>
    </ClCompile>
    <ClCompile Include="ImGui\imgui_impl_win32.cpp">
      <Filter>ImGui\源文件</Filter>
    </ClCompile>
    <ClCompile Include="ImGui\imgui.cpp">
      <Filter>ImGui\源文件</Filter>
    </ClCompile>
    <ClCompile Include="ImGui\imgui_draw.cpp">
      <Filter>ImGui\源文件</Filter>
    </ClCompile>
    <ClCompile Include="ImGui\imgui_widgets.cpp">
      <Filter>ImGui\源文件</Filter>
    </ClCompile>
    <ClCompile Include="ImGui\imgui_demo.cpp">
      <Filter>ImGui\源文件</Filter>
    </ClCompile>
    <ClCompile Include="RenderStates.cpp">
      <Filter>源文件</Filter>
    </ClCompile>
  </ItemGroup>
  <ItemGroup>
    <FxCompile Include="HLSL\Basic_PS_3D.hlsl">
      <Filter>着色器</Filter>
    </FxCompile>
    <FxCompile Include="HLSL\Basic_VS_2D.hlsl">
      <Filter>着色器</Filter>
    </FxCompile>
    <FxCompile Include="HLSL\Basic_VS_3D.hlsl">
      <Filter>着色器</Filter>
    </FxCompile>
    <FxCompile Include="HLSL\Basic_PS_2D.hlsl">
      <Filter>着色器</Filter>
    </FxCompile>
  </ItemGroup>
  <ItemGroup>
    <None Include="HLSL\LightHelper.hlsli">
      <Filter>着色器</Filter>
    </None>
    <None Include="HLSL\Basic.hlsli">
      <Filter>着色器</Filter>
    </None>
  </ItemGroup>
</Project>